
Microsoft Visual Studio Solution File, Format Version 12.00
# Visual Studio Version 17
VisualStudioVersion = 17.3.32922.545
MinimumVisualStudioVersion = 10.0.40219.1
Project("{FAE04EC0-301F-11D3-BF4B-00C04F79EFBC}") = "Molecule Namer", "Molecule Namer.csproj", "{F946EB94-6618-487A-BEE0-5D20EFA68717}"
EndProject
Global
	GlobalSection(SolutionConfigurationPlatforms) = preSolution
		Debug|Any CPU = Debug|Any CPU
		Release|Any CPU = Release|Any CPU
	EndGlobalSection
	GlobalSection(ProjectConfigurationPlatforms) = postSolution
		{F946EB94-6618-487A-BEE0-5D20EFA68717}.Debug|Any CPU.ActiveCfg = Debug|Any CPU
		{F946EB94-6618-487A-BEE0-5D20EFA68717}.Debug|Any CPU.Build.0 = Debug|Any CPU
		{F946EB94-6618-487A-BEE0-5D20EFA68717}.Release|Any CPU.ActiveCfg = Release|Any CPU
		{F946EB94-6618-487A-BEE0-5D20EFA68717}.Release|Any CPU.Build.0 = Release|Any CPU
	EndGlobalSection
	GlobalSection(SolutionProperties) = preSolution
		HideSolutionNode = FALSE
	EndGlobalSection
	GlobalSection(ExtensibilityGlobals) = postSolution
		SolutionGuid = {B05C5A42-362D-43CA-BF05-EB663D56C769}
	EndGlobalSection
EndGlobal
